// !$*UTF8*$!
{
	archiveVersion = 1;
	classes = {
	};
	objectVersion = 56;
	objects = {

/* Begin PBXBuildFile section */
		18DF94EE2A13EC5700A64AE1 /* GeographicAtlasApp.swift in Sources */ = {isa = PBXBuildFile; fileRef = 18DF94ED2A13EC5700A64AE1 /* GeographicAtlasApp.swift */; };
		18DF94F02A13EC5700A64AE1 /* ContentView.swift in Sources */ = {isa = PBXBuildFile; fileRef = 18DF94EF2A13EC5700A64AE1 /* ContentView.swift */; };
		18DF94F22A13EC5A00A64AE1 /* Assets.xcassets in Resources */ = {isa = PBXBuildFile; fileRef = 18DF94F12A13EC5A00A64AE1 /* Assets.xcassets */; };
		18DF94F52A13EC5A00A64AE1 /* Preview Assets.xcassets in Resources */ = {isa = PBXBuildFile; fileRef = 18DF94F42A13EC5A00A64AE1 /* Preview Assets.xcassets */; };
		18DF94FC2A13ECC400A64AE1 /* CountriesViewModel.swift in Sources */ = {isa = PBXBuildFile; fileRef = 18DF94FB2A13ECC400A64AE1 /* CountriesViewModel.swift */; };
		18DF94FE2A13ECDF00A64AE1 /* Country.swift in Sources */ = {isa = PBXBuildFile; fileRef = 18DF94FD2A13ECDF00A64AE1 /* Country.swift */; };
		18DF95002A13ED3600A64AE1 /* CountriesList.swift in Sources */ = {isa = PBXBuildFile; fileRef = 18DF94FF2A13ED3600A64AE1 /* CountriesList.swift */; };
		18DF95022A13EDA400A64AE1 /* CountryDetails.swift in Sources */ = {isa = PBXBuildFile; fileRef = 18DF95012A13EDA400A64AE1 /* CountryDetails.swift */; };
		18DF95042A13EDB900A64AE1 /* ExampleData.swift in Sources */ = {isa = PBXBuildFile; fileRef = 18DF95032A13EDB900A64AE1 /* ExampleData.swift */; };
		18DF95062A13EDD400A64AE1 /* PopulationFormatter.swift in Sources */ = {isa = PBXBuildFile; fileRef = 18DF95052A13EDD400A64AE1 /* PopulationFormatter.swift */; };
		18DF95082A13EDEA00A64AE1 /* CoordinateFormatter.swift in Sources */ = {isa = PBXBuildFile; fileRef = 18DF95072A13EDEA00A64AE1 /* CoordinateFormatter.swift */; };
/* End PBXBuildFile section */

/* Begin PBXFileReference section */
		18DF94EA2A13EC5700A64AE1 /* GeographicAtlas.app */ = {isa = PBXFileReference; explicitFileType = wrapper.application; includeInIndex = 0; path = GeographicAtlas.app; sourceTree = BUILT_PRODUCTS_DIR; };
		18DF94ED2A13EC5700A64AE1 /* GeographicAtlasApp.swift */ = {isa = PBXFileReference; lastKnownFileType = sourcecode.swift; path = GeographicAtlasApp.swift; sourceTree = "<group>"; };
		18DF94EF2A13EC5700A64AE1 /* ContentView.swift */ = {isa = PBXFileReference; lastKnownFileType = sourcecode.swift; path = ContentView.swift; sourceTree = "<group>"; };
		18DF94F12A13EC5A00A64AE1 /* Assets.xcassets */ = {isa = PBXFileReference; lastKnownFileType = folder.assetcatalog; path = Assets.xcassets; sourceTree = "<group>"; };
		18DF94F42A13EC5A00A64AE1 /* Preview Assets.xcassets */ = {isa = PBXFileReference; lastKnownFileType = folder.assetcatalog; path = "Preview Assets.xcassets"; sourceTree = "<group>"; };
		18DF94FB2A13ECC400A64AE1 /* CountriesViewModel.swift */ = {isa = PBXFileReference; lastKnownFileType = sourcecode.swift; path = CountriesViewModel.swift; sourceTree = "<group>"; };
		18DF94FD2A13ECDF00A64AE1 /* Country.swift */ = {isa = PBXFileReference; lastKnownFileType = sourcecode.swift; path = Country.swift; sourceTree = "<group>"; };
		18DF94FF2A13ED3600A64AE1 /* CountriesList.swift */ = {isa = PBXFileReference; lastKnownFileType = sourcecode.swift; path = CountriesList.swift; sourceTree = "<group>"; };
		18DF95012A13EDA400A64AE1 /* CountryDetails.swift */ = {isa = PBXFileReference; lastKnownFileType = sourcecode.swift; path = CountryDetails.swift; sourceTree = "<group>"; };
		18DF95032A13EDB900A64AE1 /* ExampleData.swift */ = {isa = PBXFileReference; lastKnownFileType = sourcecode.swift; path = ExampleData.swift; sourceTree = "<group>"; };
		18DF95052A13EDD400A64AE1 /* PopulationFormatter.swift */ = {isa = PBXFileReference; lastKnownFileType = sourcecode.swift; path = PopulationFormatter.swift; sourceTree = "<group>"; };
		18DF95072A13EDEA00A64AE1 /* CoordinateFormatter.swift */ = {isa = PBXFileReference; lastKnownFileType = sourcecode.swift; path = CoordinateFormatter.swift; sourceTree = "<group>"; };
/* End PBXFileReference section */

/* Begin PBXFrameworksBuildPhase section */
		18DF94E72A13EC5700A64AE1 /* Frameworks */ = {
			isa = PBXFrameworksBuildPhase;
			buildActionMask = 2147483647;
			files = (
			);
			runOnlyForDeploymentPostprocessing = 0;
		};
/* End PBXFrameworksBuildPhase section */

/* Begin PBXGroup section */
		18DF94E12A13EC5700A64AE1 = {
			isa = PBXGroup;
			children = (
				18DF94EC2A13EC5700A64AE1 /* GeographicAtlas */,
				18DF94EB2A13EC5700A64AE1 /* Products */,
			);
			sourceTree = "<group>";
		};
		18DF94EB2A13EC5700A64AE1 /* Products */ = {
			isa = PBXGroup;
			children = (
				18DF94EA2A13EC5700A64AE1 /* GeographicAtlas.app */,
			);
			name = Products;
			sourceTree = "<group>";
		};
		18DF94EC2A13EC5700A64AE1 /* GeographicAtlas */ = {
			isa = PBXGroup;
			children = (
				18DF94ED2A13EC5700A64AE1 /* GeographicAtlasApp.swift */,
				18DF94EF2A13EC5700A64AE1 /* ContentView.swift */,
				18DF95092A13EE1800A64AE1 /* ViewModels */,
				18DF950A2A13EE2200A64AE1 /* Models */,
				18DF950B2A13EE2E00A64AE1 /* Views */,
				18DF950C2A13EE4900A64AE1 /* Extensions */,
				18DF94F12A13EC5A00A64AE1 /* Assets.xcassets */,
				18DF94F32A13EC5A00A64AE1 /* Preview Content */,
			);
			path = GeographicAtlas;
			sourceTree = "<group>";
		};
		18DF94F32A13EC5A00A64AE1 /* Preview Content */ = {
			isa = PBXGroup;
			children = (
				18DF94F42A13EC5A00A64AE1 /* Preview Assets.xcassets */,
			);
			path = "Preview Content";
			sourceTree = "<group>";
		};
		18DF95092A13EE1800A64AE1 /* ViewModels */ = {
			isa = PBXGroup;
			children = (
				18DF94FB2A13ECC400A64AE1 /* CountriesViewModel.swift */,
			);
			path = ViewModels;
			sourceTree = "<group>";
		};
		18DF950A2A13EE2200A64AE1 /* Models */ = {
			isa = PBXGroup;
			children = (
				18DF94FD2A13ECDF00A64AE1 /* Country.swift */,
			);
			path = Models;
			sourceTree = "<group>";
		};
		18DF950B2A13EE2E00A64AE1 /* Views */ = {
			isa = PBXGroup;
			children = (
				18DF94FF2A13ED3600A64AE1 /* CountriesList.swift */,
				18DF95012A13EDA400A64AE1 /* CountryDetails.swift */,
			);
			path = Views;
			sourceTree = "<group>";
		};
		18DF950C2A13EE4900A64AE1 /* Extensions */ = {
			isa = PBXGroup;
			children = (
				18DF95052A13EDD400A64AE1 /* PopulationFormatter.swift */,
				18DF95072A13EDEA00A64AE1 /* CoordinateFormatter.swift */,
				18DF95032A13EDB900A64AE1 /* ExampleData.swift */,
			);
			path = Extensions;
			sourceTree = "<group>";
		};
/* End PBXGroup section */

/* Begin PBXNativeTarget section */
		18DF94E92A13EC5700A64AE1 /* GeographicAtlas */ = {
			isa = PBXNativeTarget;
			buildConfigurationList = 18DF94F82A13EC5A00A64AE1 /* Build configuration list for PBXNativeTarget "GeographicAtlas" */;
			buildPhases = (
				18DF94E62A13EC5700A64AE1 /* Sources */,
				18DF94E72A13EC5700A64AE1 /* Frameworks */,
				18DF94E82A13EC5700A64AE1 /* Resources */,
			);
			buildRules = (
			);
			dependencies = (
			);
			name = GeographicAtlas;
			productName = GeographicAtlas;
			productReference = 18DF94EA2A13EC5700A64AE1 /* GeographicAtlas.app */;
			productType = "com.apple.product-type.application";
		};
/* End PBXNativeTarget section */

/* Begin PBXProject section */
		18DF94E22A13EC5700A64AE1 /* Project object */ = {
			isa = PBXProject;
			attributes = {
				BuildIndependentTargetsInParallel = 1;
				LastSwiftUpdateCheck = 1430;
				LastUpgradeCheck = 1430;
				TargetAttributes = {
					18DF94E92A13EC5700A64AE1 = {
						CreatedOnToolsVersion = 14.3;
					};
				};
			};
			buildConfigurationList = 18DF94E52A13EC5700A64AE1 /* Build configuration list for PBXProject "GeographicAtlas" */;
			compatibilityVersion = "Xcode 14.0";
			developmentRegion = en;
			hasScannedForEncodings = 0;
			knownRegions = (
				en,
				Base,
			);
			mainGroup = 18DF94E12A13EC5700A64AE1;
			productRefGroup = 18DF94EB2A13EC5700A64AE1 /* Products */;
			projectDirPath = "";
			projectRoot = "";
			targets = (
				18DF94E92A13EC5700A64AE1 /* GeographicAtlas */,
			);
		};
/* End PBXProject section */

/* Begin PBXResourcesBuildPhase section */
		18DF94E82A13EC5700A64AE1 /* Resources */ = {
			isa = PBXResourcesBuildPhase;
			buildActionMask = 2147483647;
			files = (
				18DF94F52A13EC5A00A64AE1 /* Preview Assets.xcassets in Resources */,
				18DF94F22A13EC5A00A64AE1 /* Assets.xcassets in Resources */,
			);
			runOnlyForDeploymentPostprocessing = 0;
		};
/* End PBXResourcesBuildPhase section */

/* Begin PBXSourcesBuildPhase section */
		18DF94E62A13EC5700A64AE1 /* Sources */ = {
			isa = PBXSourcesBuildPhase;
			buildActionMask = 2147483647;
			files = (
				18DF95042A13EDB900A64AE1 /* ExampleData.swift in Sources */,
				18DF94FE2A13ECDF00A64AE1 /* Country.swift in Sources */,
				18DF94FC2A13ECC400A64AE1 /* CountriesViewModel.swift in Sources */,
				18DF95062A13EDD400A64AE1 /* PopulationFormatter.swift in Sources */,
				18DF95082A13EDEA00A64AE1 /* CoordinateFormatter.swift in Sources */,
				18DF94F02A13EC5700A64AE1 /* ContentView.swift in Sources */,
				18DF94EE2A13EC5700A64AE1 /* GeographicAtlasApp.swift in Sources */,
				18DF95002A13ED3600A64AE1 /* CountriesList.swift in Sources */,
				18DF95022A13EDA400A64AE1 /* CountryDetails.swift in Sources */,
			);
			runOnlyForDeploymentPostprocessing = 0;
		};
/* End PBXSourcesBuildPhase section */

/* Begin XCBuildConfiguration section */
		18DF94F62A13EC5A00A64AE1 /* Debug */ = {
			isa = XCBuildConfiguration;
			buildSettings = {
				ALWAYS_SEARCH_USER_PATHS = NO;
				CLANG_ANALYZER_NONNULL = YES;
				CLANG_ANALYZER_NUMBER_OBJECT_CONVERSION = YES_AGGRESSIVE;
				CLANG_CXX_LANGUAGE_STANDARD = "gnu++20";
				CLANG_ENABLE_MODULES = YES;
				CLANG_ENABLE_OBJC_ARC = YES;
				CLANG_ENABLE_OBJC_WEAK = YES;
				CLANG_WARN_BLOCK_CAPTURE_AUTORELEASING = YES;
				CLANG_WARN_BOOL_CONVERSION = YES;
				CLANG_WARN_COMMA = YES;
				CLANG_WARN_CONSTANT_CONVERSION = YES;
				CLANG_WARN_DEPRECATED_OBJC_IMPLEMENTATIONS = YES;
				CLANG_WARN_DIRECT_OBJC_ISA_USAGE = YES_ERROR;
				CLANG_WARN_DOCUMENTATION_COMMENTS = YES;
				CLANG_WARN_EMPTY_BODY = YES;
				CLANG_WARN_ENUM_CONVERSION = YES;
				CLANG_WARN_INFINITE_RECURSION = YES;
				CLANG_WARN_INT_CONVERSION = YES;
				CLANG_WARN_NON_LITERAL_NULL_CONVERSION = YES;
				CLANG_WARN_OBJC_IMPLICIT_RETAIN_SELF = YES;
				CLANG_WARN_OBJC_LITERAL_CONVERSION = YES;
				CLANG_WARN_OBJC_ROOT_CLASS = YES_ERROR;
				CLANG_WARN_QUOTED_INCLUDE_IN_FRAMEWORK_HEADER = YES;
				CLANG_WARN_RANGE_LOOP_ANALYSIS = YES;
				CLANG_WARN_STRICT_PROTOTYPES = YES;
				CLANG_WARN_SUSPICIOUS_MOVE = YES;
				CLANG_WARN_UNGUARDED_AVAILABILITY = YES_AGGRESSIVE;
				CLANG_WARN_UNREACHABLE_CODE = YES;
				CLANG_WARN__DUPLICATE_METHOD_MATCH = YES;
				COPY_PHASE_STRIP = NO;
				DEBUG_INFORMATION_FORMAT = dwarf;
				ENABLE_STRICT_OBJC_MSGSEND = YES;
				ENABLE_TESTABILITY = YES;
				GCC_C_LANGUAGE_STANDARD = gnu11;
				GCC_DYNAMIC_NO_PIC = NO;
				GCC_NO_COMMON_BLOCKS = YES;
				GCC_OPTIMIZATION_LEVEL = 0;
				GCC_PREPROCESSOR_DEFINITIONS = (
					"DEBUG=1",
					"$(inherited)",
				);
				GCC_WARN_64_TO_32_BIT_CONVERSION = YES;
				GCC_WARN_ABOUT_RETURN_TYPE = YES_ERROR;
				GCC_WARN_UNDECLARED_SELECTOR = YES;
				GCC_WARN_UNINITIALIZED_AUTOS = YES_AGGRESSIVE;
				GCC_WARN_UNUSED_FUNCTION = YES;
				GCC_WARN_UNUSED_VARIABLE = YES;
				IPHONEOS_DEPLOYMENT_TARGET = 16.4;
				MTL_ENABLE_DEBUG_INFO = INCLUDE_SOURCE;
				MTL_FAST_MATH = YES;
				ONLY_ACTIVE_ARCH = YES;
				SDKROOT = iphoneos;
				SWIFT_ACTIVE_COMPILATION_CONDITIONS = DEBUG;
				SWIFT_OPTIMIZATION_LEVEL = "-Onone";
			};
			name = Debug;
		};
		18DF94F72A13EC5A00A64AE1 /* Release */ = {
			isa = XCBuildConfiguration;
			buildSettings = {
				ALWAYS_SEARCH_USER_PATHS = NO;
				CLANG_ANALYZER_NONNULL = YES;
				CLANG_ANALYZER_NUMBER_OBJECT_CONVERSION = YES_AGGRESSIVE;
				CLANG_CXX_LANGUAGE_STANDARD = "gnu++20";
				CLANG_ENABLE_MODULES = YES;
				CLANG_ENABLE_OBJC_ARC = YES;
				CLANG_ENABLE_OBJC_WEAK = YES;
				CLANG_WARN_BLOCK_CAPTURE_AUTORELEASING = YES;
				CLANG_WARN_BOOL_CONVERSION = YES;
				CLANG_WARN_COMMA = YES;
				CLANG_WARN_CONSTANT_CONVERSION = YES;
				CLANG_WARN_DEPRECATED_OBJC_IMPLEMENTATIONS = YES;
				CLANG_WARN_DIRECT_OBJC_ISA_USAGE = YES_ERROR;
				CLANG_WARN_DOCUMENTATION_COMMENTS = YES;
				CLANG_WARN_EMPTY_BODY = YES;
				CLANG_WARN_ENUM_CONVERSION = YES;
				CLANG_WARN_INFINITE_RECURSION = YES;
				CLANG_WARN_INT_CONVERSION = YES;
				CLANG_WARN_NON_LITERAL_NULL_CONVERSION = YES;
				CLANG_WARN_OBJC_IMPLICIT_RETAIN_SELF = YES;
				CLANG_WARN_OBJC_LITERAL_CONVERSION = YES;
				CLANG_WARN_OBJC_ROOT_CLASS = YES_ERROR;
				CLANG_WARN_QUOTED_INCLUDE_IN_FRAMEWORK_HEADER = YES;
				CLANG_WARN_RANGE_LOOP_ANALYSIS = YES;
				CLANG_WARN_STRICT_PROTOTYPES = YES;
				CLANG_WARN_SUSPICIOUS_MOVE = YES;
				CLANG_WARN_UNGUARDED_AVAILABILITY = YES_AGGRESSIVE;
				CLANG_WARN_UNREACHABLE_CODE = YES;
				CLANG_WARN__DUPLICATE_METHOD_MATCH = YES;
				COPY_PHASE_STRIP = NO;
				DEBUG_INFORMATION_FORMAT = "dwarf-with-dsym";
				ENABLE_NS_ASSERTIONS = NO;
				ENABLE_STRICT_OBJC_MSGSEND = YES;
				GCC_C_LANGUAGE_STANDARD = gnu11;
				GCC_NO_COMMON_BLOCKS = YES;
				GCC_WARN_64_TO_32_BIT_CONVERSION = YES;
				GCC_WARN_ABOUT_RETURN_TYPE = YES_ERROR;
				GCC_WARN_UNDECLARED_SELECTOR = YES;
				GCC_WARN_UNINITIALIZED_AUTOS = YES_AGGRESSIVE;
				GCC_WARN_UNUSED_FUNCTION = YES;
				GCC_WARN_UNUSED_VARIABLE = YES;
				IPHONEOS_DEPLOYMENT_TARGET = 16.4;
				MTL_ENABLE_DEBUG_INFO = NO;
				MTL_FAST_MATH = YES;
				SDKROOT = iphoneos;
				SWIFT_COMPILATION_MODE = wholemodule;
				SWIFT_OPTIMIZATION_LEVEL = "-O";
				VALIDATE_PRODUCT = YES;
			};
			name = Release;
		};
		18DF94F92A13EC5A00A64AE1 /* Debug */ = {
			isa = XCBuildConfiguration;
			buildSettings = {
				ASSETCATALOG_COMPILER_APPICON_NAME = AppIcon;
				ASSETCATALOG_COMPILER_GLOBAL_ACCENT_COLOR_NAME = AccentColor;
				CODE_SIGN_STYLE = Automatic;
				CURRENT_PROJECT_VERSION = 1;
				DEVELOPMENT_ASSET_PATHS = "\"GeographicAtlas/Preview Content\"";
				DEVELOPMENT_TEAM = JW6FGZ9C36;
				ENABLE_PREVIEWS = YES;
				GENERATE_INFOPLIST_FILE = YES;
				INFOPLIST_KEY_UIApplicationSceneManifest_Generation = YES;
				INFOPLIST_KEY_UIApplicationSupportsIndirectInputEvents = YES;
				INFOPLIST_KEY_UILaunchScreen_Generation = YES;
				INFOPLIST_KEY_UISupportedInterfaceOrientations_iPad = "UIInterfaceOrientationPortrait UIInterfaceOrientationPortraitUpsideDown UIInterfaceOrientationLandscapeLeft UIInterfaceOrientationLandscapeRight";
				INFOPLIST_KEY_UISupportedInterfaceOrientations_iPhone = "UIInterfaceOrientationPortrait UIInterfaceOrientationLandscapeLeft UIInterfaceOrientationLandscapeRight";
				LD_RUNPATH_SEARCH_PATHS = (
					"$(inherited)",
					"@executable_path/Frameworks",
				);
				MARKETING_VERSION = 1.0;
				PRODUCT_BUNDLE_IDENTIFIER = Zhaslan.GeographicAtlas;
				PRODUCT_NAME = "$(TARGET_NAME)";
				SWIFT_EMIT_LOC_STRINGS = YES;
				SWIFT_VERSION = 5.0;
				TARGETED_DEVICE_FAMILY = "1,2";
			};
			name = Debug;
		};
		18DF94FA2A13EC5A00A64AE1 /* Release */ = {
			isa = XCBuildConfiguration;
			buildSettings = {
				ASSETCATALOG_COMPILER_APPICON_NAME = AppIcon;
				ASSETCATALOG_COMPILER_GLOBAL_ACCENT_COLOR_NAME = AccentColor;
				CODE_SIGN_STYLE = Automatic;
				CURRENT_PROJECT_VERSION = 1;
				DEVELOPMENT_ASSET_PATHS = "\"GeographicAtlas/Preview Content\"";
				DEVELOPMENT_TEAM = JW6FGZ9C36;
				ENABLE_PREVIEWS = YES;
				GENERATE_INFOPLIST_FILE = YES;
				INFOPLIST_KEY_UIApplicationSceneManifest_Generation = YES;
				INFOPLIST_KEY_UIApplicationSupportsIndirectInputEvents = YES;
				INFOPLIST_KEY_UILaunchScreen_Generation = YES;
				INFOPLIST_KEY_UISupportedInterfaceOrientations_iPad = "UIInterfaceOrientationPortrait UIInterfaceOrientationPortraitUpsideDown UIInterfaceOrientationLandscapeLeft UIInterfaceOrientationLandscapeRight";
				INFOPLIST_KEY_UISupportedInterfaceOrientations_iPhone = "UIInterfaceOrientationPortrait UIInterfaceOrientationLandscapeLeft UIInterfaceOrientationLandscapeRight";
				LD_RUNPATH_SEARCH_PATHS = (
					"$(inherited)",
					"@executable_path/Frameworks",
				);
				MARKETING_VERSION = 1.0;
				PRODUCT_BUNDLE_IDENTIFIER = Zhaslan.GeographicAtlas;
				PRODUCT_NAME = "$(TARGET_NAME)";
				SWIFT_EMIT_LOC_STRINGS = YES;
				SWIFT_VERSION = 5.0;
				TARGETED_DEVICE_FAMILY = "1,2";
			};
			name = Release;
		};
/* End XCBuildConfiguration section */

/* Begin XCConfigurationList section */
		18DF94E52A13EC5700A64AE1 /* Build configuration list for PBXProject "GeographicAtlas" */ = {
			isa = XCConfigurationList;
			buildConfigurations = (
				18DF94F62A13EC5A00A64AE1 /* Debug */,
				18DF94F72A13EC5A00A64AE1 /* Release */,
			);
			defaultConfigurationIsVisible = 0;
			defaultConfigurationName = Release;
		};
		18DF94F82A13EC5A00A64AE1 /* Build configuration list for PBXNativeTarget "GeographicAtlas" */ = {
			isa = XCConfigurationList;
			buildConfigurations = (
				18DF94F92A13EC5A00A64AE1 /* Debug */,
				18DF94FA2A13EC5A00A64AE1 /* Release */,
			);
			defaultConfigurationIsVisible = 0;
			defaultConfigurationName = Release;
		};
/* End XCConfigurationList section */
	};
	rootObject = 18DF94E22A13EC5700A64AE1 /* Project object */;
}
